github.com/ofabricio/scanner v0.0.0-20201212130220-34825b1dd97a h1:LEY6uzuUEDkJt8XkEJ4L2d16DRWPzyD8K26BqPKUNMI=
github.com/ofabricio/scanner v0.0.0-20201212130220-34825b1dd97a/go.mod h1:5FtADUtJsjVL0nkzoClIwRyXolrmW+biPE1dpLjV7B0=
github.com/ofabricio/scanner v0.0.0-20201212143330-2af77a12f66c h1:OwWQkjSyqAmnNR8Q7aHBTKwFscZtEstszN574+CKRnU=
github.com/ofabricio/scanner v0.0.0-20201212143330-2af77a12f66c/go.mod h1:5FtADUtJsjVL0nkzoClIwRyXolrmW+biPE1dpLjV7B0=
